
Microsoft Visual Studio Solution File, Format Version 12.00
# Visual Studio Version 17
VisualStudioVersion = 17.8.34330.188
MinimumVisualStudioVersion = 10.0.40219.1
Project("{FAE04EC0-301F-11D3-BF4B-00C04F79EFBC}") = "VRTRAKILL.Compatibility.PluginConfigurator", "VRTRAKILL.Compatibility.PluginConfigurator.csproj", "{ADBBFB7A-1577-4A45-B8F1-15954ED6DDBB}"
EndProject
Global
	GlobalSection(SolutionConfigurationPlatforms) = preSolution
		Debug|Any CPU = Debug|Any CPU
		Release|Any CPU = Release|Any CPU
	EndGlobalSection
	GlobalSection(ProjectConfigurationPlatforms) = postSolution
		{ADBBFB7A-1577-4A45-B8F1-15954ED6DDBB}.Debug|Any CPU.ActiveCfg = Debug|Any CPU
		{ADBBFB7A-1577-4A45-B8F1-15954ED6DDBB}.Debug|Any CPU.Build.0 = Debug|Any CPU
		{ADBBFB7A-1577-4A45-B8F1-15954ED6DDBB}.Release|Any CPU.ActiveCfg = Release|Any CPU
		{ADBBFB7A-1577-4A45-B8F1-15954ED6DDBB}.Release|Any CPU.Build.0 = Release|Any CPU
	EndGlobalSection
	GlobalSection(SolutionProperties) = preSolution
		HideSolutionNode = FALSE
	EndGlobalSection
	GlobalSection(ExtensibilityGlobals) = postSolution
		SolutionGuid = {E94716CA-ADCB-4D3D-AFFA-A9F9FCBC0CEC}
	EndGlobalSection
EndGlobal
