
Microsoft Visual Studio Solution File, Format Version 12.00
# Visual Studio Version 17
VisualStudioVersion = 17.8.34330.188
MinimumVisualStudioVersion = 10.0.40219.1
Project("{FAE04EC0-301F-11D3-BF4B-00C04F79EFBC}") = "VRTRAKILL.Utilities", "VRTRAKILL.Utilities\VRTRAKILL.Utilities.csproj", "{3709E33E-4C44-43F8-A947-F71FE9F67233}"
EndProject
Project("{FAE04EC0-301F-11D3-BF4B-00C04F79EFBC}") = "VRTRAKILL.Plugin", "VRTRAKILL.Plugin\VRTRAKILL.Plugin.csproj", "{3FBB1FC9-B424-404C-B0C5-1A8AFFF14F5B}"
EndProject
Global
	GlobalSection(SolutionConfigurationPlatforms) = preSolution
		Debug|Any CPU = Debug|Any CPU
		Release|Any CPU = Release|Any CPU
	EndGlobalSection
	GlobalSection(ProjectConfigurationPlatforms) = postSolution
		{3709E33E-4C44-43F8-A947-F71FE9F67233}.Debug|Any CPU.ActiveCfg = Debug|Any CPU
		{3709E33E-4C44-43F8-A947-F71FE9F67233}.Debug|Any CPU.Build.0 = Debug|Any CPU
		{3709E33E-4C44-43F8-A947-F71FE9F67233}.Release|Any CPU.ActiveCfg = Release|Any CPU
		{3709E33E-4C44-43F8-A947-F71FE9F67233}.Release|Any CPU.Build.0 = Release|Any CPU
		{3FBB1FC9-B424-404C-B0C5-1A8AFFF14F5B}.Debug|Any CPU.ActiveCfg = Debug|Any CPU
		{3FBB1FC9-B424-404C-B0C5-1A8AFFF14F5B}.Debug|Any CPU.Build.0 = Debug|Any CPU
		{3FBB1FC9-B424-404C-B0C5-1A8AFFF14F5B}.Release|Any CPU.ActiveCfg = Release|Any CPU
		{3FBB1FC9-B424-404C-B0C5-1A8AFFF14F5B}.Release|Any CPU.Build.0 = Release|Any CPU
	EndGlobalSection
	GlobalSection(SolutionProperties) = preSolution
		HideSolutionNode = FALSE
	EndGlobalSection
	GlobalSection(ExtensibilityGlobals) = postSolution
		SolutionGuid = {6B8D947E-C34E-4CAE-AD36-799446D2EA37}
	EndGlobalSection
EndGlobal
